{
  "name": "@ryjen/career-ops",
  "version": "0.0.0-development",
  "lockfileVersion": 3,
  "requires": true,
  "packages": {
    "": {
      "name": "@ryjen/career-ops",
      "version": "0.0.0-development",
      "license": "MPL-2.0",
      "bin": {
        "career-ops": "src/cli.js"
      },
      "engines": {
        "node": ">=20"
      }
    }
  }
}
